// !$*UTF8*$!
{
	archiveVersion = 1;
	classes = {
	};
	objectVersion = 55;
	objects = {

/* Begin PBXBuildFile section */
		B7ECAA752998F6C10001B0A5 /* AppDelegate.swift in Sources */ = {isa = PBXBuildFile; fileRef = B7ECAA742998F6C10001B0A5 /* AppDelegate.swift */; };
		B7ECAA772998F6C10001B0A5 /* SceneDelegate.swift in Sources */ = {isa = PBXBuildFile; fileRef = B7ECAA762998F6C10001B0A5 /* SceneDelegate.swift */; };
		B7ECAA792998F6C10001B0A5 /* MainTabBarViewController.swift in Sources */ = {isa = PBXBuildFile; fileRef = B7ECAA782998F6C10001B0A5 /* MainTabBarViewController.swift */; };
		B7ECAA7E2998F6C30001B0A5 /* Assets.xcassets in Resources */ = {isa = PBXBuildFile; fileRef = B7ECAA7D2998F6C30001B0A5 /* Assets.xcassets */; };
		B7ECAA812998F6C30001B0A5 /* LaunchScreen.storyboard in Resources */ = {isa = PBXBuildFile; fileRef = B7ECAA7F2998F6C30001B0A5 /* LaunchScreen.storyboard */; };
		B7ECAA8A2998F8740001B0A5 /* HomeViewController.swift in Sources */ = {isa = PBXBuildFile; fileRef = B7ECAA892998F8740001B0A5 /* HomeViewController.swift */; };
		B7ECAA8C2998F8950001B0A5 /* UpComingViewController.swift in Sources */ = {isa = PBXBuildFile; fileRef = B7ECAA8B2998F8950001B0A5 /* UpComingViewController.swift */; };
		B7ECAA8E2998F8AE0001B0A5 /* SearchViewController.swift in Sources */ = {isa = PBXBuildFile; fileRef = B7ECAA8D2998F8AE0001B0A5 /* SearchViewController.swift */; };
		B7ECAA902998F8CE0001B0A5 /* DownloadsViewController.swift in Sources */ = {isa = PBXBuildFile; fileRef = B7ECAA8F2998F8CE0001B0A5 /* DownloadsViewController.swift */; };
		B7ECAA972998FE6B0001B0A5 /* CollectionViewTableViewCell.swift in Sources */ = {isa = PBXBuildFile; fileRef = B7ECAA962998FE6B0001B0A5 /* CollectionViewTableViewCell.swift */; };
		B7ECAA9929990F3C0001B0A5 /* HeroHeaderUIView.swift in Sources */ = {isa = PBXBuildFile; fileRef = B7ECAA9829990F3C0001B0A5 /* HeroHeaderUIView.swift */; };
		B7ECAA9B299ACBBB0001B0A5 /* APICaller.swift in Sources */ = {isa = PBXBuildFile; fileRef = B7ECAA9A299ACBBB0001B0A5 /* APICaller.swift */; };
		B7ECAA9D299BAF850001B0A5 /* Title.swift in Sources */ = {isa = PBXBuildFile; fileRef = B7ECAA9C299BAF850001B0A5 /* Title.swift */; };
		B7ECAA9F299BB3910001B0A5 /* Extensions.swift in Sources */ = {isa = PBXBuildFile; fileRef = B7ECAA9E299BB3910001B0A5 /* Extensions.swift */; };
		B7ECAAA3299D08320001B0A5 /* TitleCollectionViewCell.swift in Sources */ = {isa = PBXBuildFile; fileRef = B7ECAAA2299D08320001B0A5 /* TitleCollectionViewCell.swift */; };
		B7ECAAA629A135AA0001B0A5 /* SDWebImage in Frameworks */ = {isa = PBXBuildFile; productRef = B7ECAAA529A135AA0001B0A5 /* SDWebImage */; };
		B7ECAAA829A135AA0001B0A5 /* SDWebImageMapKit in Frameworks */ = {isa = PBXBuildFile; productRef = B7ECAAA729A135AA0001B0A5 /* SDWebImageMapKit */; };
		B7ECAAAA29A38B2F0001B0A5 /* TitleTableViewCell.swift in Sources */ = {isa = PBXBuildFile; fileRef = B7ECAAA929A38B2F0001B0A5 /* TitleTableViewCell.swift */; };
		B7ECAAAC29A38DEB0001B0A5 /* TitleViewModel.swift in Sources */ = {isa = PBXBuildFile; fileRef = B7ECAAAB29A38DEB0001B0A5 /* TitleViewModel.swift */; };
		B7ECAAAE29A6354E0001B0A5 /* SearchResultsViewController.swift in Sources */ = {isa = PBXBuildFile; fileRef = B7ECAAAD29A6354D0001B0A5 /* SearchResultsViewController.swift */; };
		B7ECAAB229A9FB440001B0A5 /* YoutubeSearchResponse.swift in Sources */ = {isa = PBXBuildFile; fileRef = B7ECAAB129A9FB440001B0A5 /* YoutubeSearchResponse.swift */; };
		B7ECAAB429A9FF6C0001B0A5 /* TitlePreviewViewController.swift in Sources */ = {isa = PBXBuildFile; fileRef = B7ECAAB329A9FF6C0001B0A5 /* TitlePreviewViewController.swift */; };
		B7ECAAB629AA01D30001B0A5 /* TtilePreviewViewModel.swift in Sources */ = {isa = PBXBuildFile; fileRef = B7ECAAB529AA01D30001B0A5 /* TtilePreviewViewModel.swift */; };
		B7ECAADC29AB63760001B0A5 /* NetflixCloneModel.xcdatamodeld in Sources */ = {isa = PBXBuildFile; fileRef = B7ECAADA29AB63750001B0A5 /* NetflixCloneModel.xcdatamodeld */; };
		B7ECAADE29AB66270001B0A5 /* DataPersistenceManager.swift in Sources */ = {isa = PBXBuildFile; fileRef = B7ECAADD29AB66270001B0A5 /* DataPersistenceManager.swift */; };
/* End PBXBuildFile section */

/* Begin PBXFileReference section */
		B7ECAA712998F6C10001B0A5 /* NetflixClone.app */ = {isa = PBXFileReference; explicitFileType = wrapper.application; includeInIndex = 0; path = NetflixClone.app; sourceTree = BUILT_PRODUCTS_DIR; };
		B7ECAA742998F6C10001B0A5 /* AppDelegate.swift */ = {isa = PBXFileReference; lastKnownFileType = sourcecode.swift; path = AppDelegate.swift; sourceTree = "<group>"; };
		B7ECAA762998F6C10001B0A5 /* SceneDelegate.swift */ = {isa = PBXFileReference; lastKnownFileType = sourcecode.swift; path = SceneDelegate.swift; sourceTree = "<group>"; };
		B7ECAA782998F6C10001B0A5 /* MainTabBarViewController.swift */ = {isa = PBXFileReference; lastKnownFileType = sourcecode.swift; path = MainTabBarViewController.swift; sourceTree = "<group>"; };
		B7ECAA7D2998F6C30001B0A5 /* Assets.xcassets */ = {isa = PBXFileReference; lastKnownFileType = folder.assetcatalog; path = Assets.xcassets; sourceTree = "<group>"; };
		B7ECAA802998F6C30001B0A5 /* Base */ = {isa = PBXFileReference; lastKnownFileType = file.storyboard; name = Base; path = Base.lproj/LaunchScreen.storyboard; sourceTree = "<group>"; };
		B7ECAA822998F6C30001B0A5 /* Info.plist */ = {isa = PBXFileReference; lastKnownFileType = text.plist.xml; path = Info.plist; sourceTree = "<group>"; };
		B7ECAA892998F8740001B0A5 /* HomeViewController.swift */ = {isa = PBXFileReference; lastKnownFileType = sourcecode.swift; path = HomeViewController.swift; sourceTree = "<group>"; };
		B7ECAA8B2998F8950001B0A5 /* UpComingViewController.swift */ = {isa = PBXFileReference; lastKnownFileType = sourcecode.swift; path = UpComingViewController.swift; sourceTree = "<group>"; };
		B7ECAA8D2998F8AE0001B0A5 /* SearchViewController.swift */ = {isa = PBXFileReference; lastKnownFileType = sourcecode.swift; path = SearchViewController.swift; sourceTree = "<group>"; };
		B7ECAA8F2998F8CE0001B0A5 /* DownloadsViewController.swift */ = {isa = PBXFileReference; lastKnownFileType = sourcecode.swift; path = DownloadsViewController.swift; sourceTree = "<group>"; };
		B7ECAA962998FE6B0001B0A5 /* CollectionViewTableViewCell.swift */ = {isa = PBXFileReference; lastKnownFileType = sourcecode.swift; path = CollectionViewTableViewCell.swift; sourceTree = "<group>"; };
		B7ECAA9829990F3C0001B0A5 /* HeroHeaderUIView.swift */ = {isa = PBXFileReference; lastKnownFileType = sourcecode.swift; path = HeroHeaderUIView.swift; sourceTree = "<group>"; };
		B7ECAA9A299ACBBB0001B0A5 /* APICaller.swift */ = {isa = PBXFileReference; lastKnownFileType = sourcecode.swift; path = APICaller.swift; sourceTree = "<group>"; };
		B7ECAA9C299BAF850001B0A5 /* Title.swift */ = {isa = PBXFileReference; lastKnownFileType = sourcecode.swift; path = Title.swift; sourceTree = "<group>"; };
		B7ECAA9E299BB3910001B0A5 /* Extensions.swift */ = {isa = PBXFileReference; lastKnownFileType = sourcecode.swift; path = Extensions.swift; sourceTree = "<group>"; };
		B7ECAAA2299D08320001B0A5 /* TitleCollectionViewCell.swift */ = {isa = PBXFileReference; lastKnownFileType = sourcecode.swift; path = TitleCollectionViewCell.swift; sourceTree = "<group>"; };
		B7ECAAA929A38B2F0001B0A5 /* TitleTableViewCell.swift */ = {isa = PBXFileReference; lastKnownFileType = sourcecode.swift; path = TitleTableViewCell.swift; sourceTree = "<group>"; };
		B7ECAAAB29A38DEB0001B0A5 /* TitleViewModel.swift */ = {isa = PBXFileReference; lastKnownFileType = sourcecode.swift; path = TitleViewModel.swift; sourceTree = "<group>"; };
		B7ECAAAD29A6354D0001B0A5 /* SearchResultsViewController.swift */ = {isa = PBXFileReference; lastKnownFileType = sourcecode.swift; path = SearchResultsViewController.swift; sourceTree = "<group>"; };
		B7ECAAB129A9FB440001B0A5 /* YoutubeSearchResponse.swift */ = {isa = PBXFileReference; lastKnownFileType = sourcecode.swift; path = YoutubeSearchResponse.swift; sourceTree = "<group>"; };
		B7ECAAB329A9FF6C0001B0A5 /* TitlePreviewViewController.swift */ = {isa = PBXFileReference; lastKnownFileType = sourcecode.swift; path = TitlePreviewViewController.swift; sourceTree = "<group>"; };
		B7ECAAB529AA01D30001B0A5 /* TtilePreviewViewModel.swift */ = {isa = PBXFileReference; lastKnownFileType = sourcecode.swift; path = TtilePreviewViewModel.swift; sourceTree = "<group>"; };
		B7ECAADB29AB63750001B0A5 /* NetflixCloneModel.xcdatamodel */ = {isa = PBXFileReference; lastKnownFileType = wrapper.xcdatamodel; path = NetflixCloneModel.xcdatamodel; sourceTree = "<group>"; };
		B7ECAADD29AB66270001B0A5 /* DataPersistenceManager.swift */ = {isa = PBXFileReference; lastKnownFileType = sourcecode.swift; path = DataPersistenceManager.swift; sourceTree = "<group>"; };
/* End PBXFileReference section */

/* Begin PBXFrameworksBuildPhase section */
		B7ECAA6E2998F6C10001B0A5 /* Frameworks */ = {
			isa = PBXFrameworksBuildPhase;
			buildActionMask = 2147483647;
			files = (
				B7ECAAA829A135AA0001B0A5 /* SDWebImageMapKit in Frameworks */,
				B7ECAAA629A135AA0001B0A5 /* SDWebImage in Frameworks */,
			);
			runOnlyForDeploymentPostprocessing = 0;
		};
/* End PBXFrameworksBuildPhase section */

/* Begin PBXGroup section */
		B7ECAA682998F6C10001B0A5 = {
			isa = PBXGroup;
			children = (
				B7ECAA732998F6C10001B0A5 /* NetflixClone */,
				B7ECAA722998F6C10001B0A5 /* Products */,
			);
			sourceTree = "<group>";
		};
		B7ECAA722998F6C10001B0A5 /* Products */ = {
			isa = PBXGroup;
			children = (
				B7ECAA712998F6C10001B0A5 /* NetflixClone.app */,
			);
			name = Products;
			sourceTree = "<group>";
		};
		B7ECAA732998F6C10001B0A5 /* NetflixClone */ = {
			isa = PBXGroup;
			children = (
				B7ECAA952998FE350001B0A5 /* Managers */,
				B7ECAA942998FE2E0001B0A5 /* Resources */,
				B7ECAA932998FE080001B0A5 /* Models */,
				B7ECAA912998FDF50001B0A5 /* Views */,
				B7ECAA922998FE000001B0A5 /* ViewModels */,
				B7ECAA882998F85D0001B0A5 /* Controllers */,
				B7ECAA762998F6C10001B0A5 /* SceneDelegate.swift */,
				B7ECAA782998F6C10001B0A5 /* MainTabBarViewController.swift */,
				B7ECAA7D2998F6C30001B0A5 /* Assets.xcassets */,
				B7ECAA7F2998F6C30001B0A5 /* LaunchScreen.storyboard */,
				B7ECAA822998F6C30001B0A5 /* Info.plist */,
				B7ECAADA29AB63750001B0A5 /* NetflixCloneModel.xcdatamodeld */,
			);
			path = NetflixClone;
			sourceTree = "<group>";
		};
		B7ECAA882998F85D0001B0A5 /* Controllers */ = {
			isa = PBXGroup;
			children = (
				B7ECAAB029A6358C0001B0A5 /* Gemeral */,
				B7ECAAAF29A6356D0001B0A5 /* Core */,
			);
			path = Controllers;
			sourceTree = "<group>";
		};
		B7ECAA912998FDF50001B0A5 /* Views */ = {
			isa = PBXGroup;
			children = (
				B7ECAA962998FE6B0001B0A5 /* CollectionViewTableViewCell.swift */,
				B7ECAA9829990F3C0001B0A5 /* HeroHeaderUIView.swift */,
				B7ECAAA2299D08320001B0A5 /* TitleCollectionViewCell.swift */,
				B7ECAAA929A38B2F0001B0A5 /* TitleTableViewCell.swift */,
			);
			path = Views;
			sourceTree = "<group>";
		};
		B7ECAA922998FE000001B0A5 /* ViewModels */ = {
			isa = PBXGroup;
			children = (
				B7ECAAAB29A38DEB0001B0A5 /* TitleViewModel.swift */,
				B7ECAAB529AA01D30001B0A5 /* TtilePreviewViewModel.swift */,
			);
			path = ViewModels;
			sourceTree = "<group>";
		};
		B7ECAA932998FE080001B0A5 /* Models */ = {
			isa = PBXGroup;
			children = (
				B7ECAA9C299BAF850001B0A5 /* Title.swift */,
				B7ECAAB129A9FB440001B0A5 /* YoutubeSearchResponse.swift */,
			);
			path = Models;
			sourceTree = "<group>";
		};
		B7ECAA942998FE2E0001B0A5 /* Resources */ = {
			isa = PBXGroup;
			children = (
				B7ECAA742998F6C10001B0A5 /* AppDelegate.swift */,
				B7ECAA9E299BB3910001B0A5 /* Extensions.swift */,
			);
			path = Resources;
			sourceTree = "<group>";
		};
		B7ECAA952998FE350001B0A5 /* Managers */ = {
			isa = PBXGroup;
			children = (
				B7ECAA9A299ACBBB0001B0A5 /* APICaller.swift */,
				B7ECAADD29AB66270001B0A5 /* DataPersistenceManager.swift */,
			);
			path = Managers;
			sourceTree = "<group>";
		};
		B7ECAAAF29A6356D0001B0A5 /* Core */ = {
			isa = PBXGroup;
			children = (
				B7ECAA892998F8740001B0A5 /* HomeViewController.swift */,
				B7ECAA8B2998F8950001B0A5 /* UpComingViewController.swift */,
				B7ECAA8D2998F8AE0001B0A5 /* SearchViewController.swift */,
				B7ECAA8F2998F8CE0001B0A5 /* DownloadsViewController.swift */,
			);
			path = Core;
			sourceTree = "<group>";
		};
		B7ECAAB029A6358C0001B0A5 /* Gemeral */ = {
			isa = PBXGroup;
			children = (
				B7ECAAAD29A6354D0001B0A5 /* SearchResultsViewController.swift */,
				B7ECAAB329A9FF6C0001B0A5 /* TitlePreviewViewController.swift */,
			);
			path = Gemeral;
			sourceTree = "<group>";
		};
/* End PBXGroup section */

/* Begin PBXNativeTarget section */
		B7ECAA702998F6C10001B0A5 /* NetflixClone */ = {
			isa = PBXNativeTarget;
			buildConfigurationList = B7ECAA852998F6C30001B0A5 /* Build configuration list for PBXNativeTarget "NetflixClone" */;
			buildPhases = (
				B7ECAA6D2998F6C10001B0A5 /* Sources */,
				B7ECAA6E2998F6C10001B0A5 /* Frameworks */,
				B7ECAA6F2998F6C10001B0A5 /* Resources */,
			);
			buildRules = (
			);
			dependencies = (
			);
			name = NetflixClone;
			packageProductDependencies = (
				B7ECAAA529A135AA0001B0A5 /* SDWebImage */,
				B7ECAAA729A135AA0001B0A5 /* SDWebImageMapKit */,
			);
			productName = NetflixClone;
			productReference = B7ECAA712998F6C10001B0A5 /* NetflixClone.app */;
			productType = "com.apple.product-type.application";
		};
/* End PBXNativeTarget section */

/* Begin PBXProject section */
		B7ECAA692998F6C10001B0A5 /* Project object */ = {
			isa = PBXProject;
			attributes = {
				BuildIndependentTargetsInParallel = 1;
				LastSwiftUpdateCheck = 1340;
				LastUpgradeCheck = 1340;
				TargetAttributes = {
					B7ECAA702998F6C10001B0A5 = {
						CreatedOnToolsVersion = 13.4.1;
					};
				};
			};
			buildConfigurationList = B7ECAA6C2998F6C10001B0A5 /* Build configuration list for PBXProject "NetflixClone" */;
			compatibilityVersion = "Xcode 13.0";
			developmentRegion = en;
			hasScannedForEncodings = 0;
			knownRegions = (
				en,
				Base,
			);
			mainGroup = B7ECAA682998F6C10001B0A5;
			packageReferences = (
				B7ECAAA429A135AA0001B0A5 /* XCRemoteSwiftPackageReference "SDWebImage" */,
			);
			productRefGroup = B7ECAA722998F6C10001B0A5 /* Products */;
			projectDirPath = "";
			projectRoot = "";
			targets = (
				B7ECAA702998F6C10001B0A5 /* NetflixClone */,
			);
		};
/* End PBXProject section */

/* Begin PBXResourcesBuildPhase section */
		B7ECAA6F2998F6C10001B0A5 /* Resources */ = {
			isa = PBXResourcesBuildPhase;
			buildActionMask = 2147483647;
			files = (
				B7ECAA812998F6C30001B0A5 /* LaunchScreen.storyboard in Resources */,
				B7ECAA7E2998F6C30001B0A5 /* Assets.xcassets in Resources */,
			);
			runOnlyForDeploymentPostprocessing = 0;
		};
/* End PBXResourcesBuildPhase section */

/* Begin PBXSourcesBuildPhase section */
		B7ECAA6D2998F6C10001B0A5 /* Sources */ = {
			isa = PBXSourcesBuildPhase;
			buildActionMask = 2147483647;
			files = (
				B7ECAAAA29A38B2F0001B0A5 /* TitleTableViewCell.swift in Sources */,
				B7ECAA8E2998F8AE0001B0A5 /* SearchViewController.swift in Sources */,
				B7ECAAA3299D08320001B0A5 /* TitleCollectionViewCell.swift in Sources */,
				B7ECAADE29AB66270001B0A5 /* DataPersistenceManager.swift in Sources */,
				B7ECAA792998F6C10001B0A5 /* MainTabBarViewController.swift in Sources */,
				B7ECAA972998FE6B0001B0A5 /* CollectionViewTableViewCell.swift in Sources */,
				B7ECAA9B299ACBBB0001B0A5 /* APICaller.swift in Sources */,
				B7ECAADC29AB63760001B0A5 /* NetflixCloneModel.xcdatamodeld in Sources */,
				B7ECAA9929990F3C0001B0A5 /* HeroHeaderUIView.swift in Sources */,
				B7ECAA902998F8CE0001B0A5 /* DownloadsViewController.swift in Sources */,
				B7ECAA752998F6C10001B0A5 /* AppDelegate.swift in Sources */,
				B7ECAAAE29A6354E0001B0A5 /* SearchResultsViewController.swift in Sources */,
				B7ECAA9F299BB3910001B0A5 /* Extensions.swift in Sources */,
				B7ECAAB229A9FB440001B0A5 /* YoutubeSearchResponse.swift in Sources */,
				B7ECAA8C2998F8950001B0A5 /* UpComingViewController.swift in Sources */,
				B7ECAA772998F6C10001B0A5 /* SceneDelegate.swift in Sources */,
				B7ECAAB629AA01D30001B0A5 /* TtilePreviewViewModel.swift in Sources */,
				B7ECAAB429A9FF6C0001B0A5 /* TitlePreviewViewController.swift in Sources */,
				B7ECAA9D299BAF850001B0A5 /* Title.swift in Sources */,
				B7ECAA8A2998F8740001B0A5 /* HomeViewController.swift in Sources */,
				B7ECAAAC29A38DEB0001B0A5 /* TitleViewModel.swift in Sources */,
			);
			runOnlyForDeploymentPostprocessing = 0;
		};
/* End PBXSourcesBuildPhase section */

/* Begin PBXVariantGroup section */
		B7ECAA7F2998F6C30001B0A5 /* LaunchScreen.storyboard */ = {
			isa = PBXVariantGroup;
			children = (
				B7ECAA802998F6C30001B0A5 /* Base */,
			);
			name = LaunchScreen.storyboard;
			sourceTree = "<group>";
		};
/* End PBXVariantGroup section */

/* Begin XCBuildConfiguration section */
		B7ECAA832998F6C30001B0A5 /* Debug */ = {
			isa = XCBuildConfiguration;
			buildSettings = {
				ALWAYS_SEARCH_USER_PATHS = NO;
				CLANG_ANALYZER_NONNULL = YES;
				CLANG_ANALYZER_NUMBER_OBJECT_CONVERSION = YES_AGGRESSIVE;
				CLANG_CXX_LANGUAGE_STANDARD = "gnu++17";
				CLANG_ENABLE_MODULES = YES;
				CLANG_ENABLE_OBJC_ARC = YES;
				CLANG_ENABLE_OBJC_WEAK = YES;
				CLANG_WARN_BLOCK_CAPTURE_AUTORELEASING = YES;
				CLANG_WARN_BOOL_CONVERSION = YES;
				CLANG_WARN_COMMA = YES;
				CLANG_WARN_CONSTANT_CONVERSION = YES;
				CLANG_WARN_DEPRECATED_OBJC_IMPLEMENTATIONS = YES;
				CLANG_WARN_DIRECT_OBJC_ISA_USAGE = YES_ERROR;
				CLANG_WARN_DOCUMENTATION_COMMENTS = YES;
				CLANG_WARN_EMPTY_BODY = YES;
				CLANG_WARN_ENUM_CONVERSION = YES;
				CLANG_WARN_INFINITE_RECURSION = YES;
				CLANG_WARN_INT_CONVERSION = YES;
				CLANG_WARN_NON_LITERAL_NULL_CONVERSION = YES;
				CLANG_WARN_OBJC_IMPLICIT_RETAIN_SELF = YES;
				CLANG_WARN_OBJC_LITERAL_CONVERSION = YES;
				CLANG_WARN_OBJC_ROOT_CLASS = YES_ERROR;
				CLANG_WARN_QUOTED_INCLUDE_IN_FRAMEWORK_HEADER = YES;
				CLANG_WARN_RANGE_LOOP_ANALYSIS = YES;
				CLANG_WARN_STRICT_PROTOTYPES = YES;
				CLANG_WARN_SUSPICIOUS_MOVE = YES;
				CLANG_WARN_UNGUARDED_AVAILABILITY = YES_AGGRESSIVE;
				CLANG_WARN_UNREACHABLE_CODE = YES;
				CLANG_WARN__DUPLICATE_METHOD_MATCH = YES;
				COPY_PHASE_STRIP = NO;
				DEBUG_INFORMATION_FORMAT = dwarf;
				ENABLE_STRICT_OBJC_MSGSEND = YES;
				ENABLE_TESTABILITY = YES;
				GCC_C_LANGUAGE_STANDARD = gnu11;
				GCC_DYNAMIC_NO_PIC = NO;
				GCC_NO_COMMON_BLOCKS = YES;
				GCC_OPTIMIZATION_LEVEL = 0;
				GCC_PREPROCESSOR_DEFINITIONS = (
					"DEBUG=1",
					"$(inherited)",
				);
				GCC_WARN_64_TO_32_BIT_CONVERSION = YES;
				GCC_WARN_ABOUT_RETURN_TYPE = YES_ERROR;
				GCC_WARN_UNDECLARED_SELECTOR = YES;
				GCC_WARN_UNINITIALIZED_AUTOS = YES_AGGRESSIVE;
				GCC_WARN_UNUSED_FUNCTION = YES;
				GCC_WARN_UNUSED_VARIABLE = YES;
				IPHONEOS_DEPLOYMENT_TARGET = 15.5;
				MTL_ENABLE_DEBUG_INFO = INCLUDE_SOURCE;
				MTL_FAST_MATH = YES;
				ONLY_ACTIVE_ARCH = YES;
				SDKROOT = iphoneos;
				SWIFT_ACTIVE_COMPILATION_CONDITIONS = DEBUG;
				SWIFT_OPTIMIZATION_LEVEL = "-Onone";
			};
			name = Debug;
		};
		B7ECAA842998F6C30001B0A5 /* Release */ = {
			isa = XCBuildConfiguration;
			buildSettings = {
				ALWAYS_SEARCH_USER_PATHS = NO;
				CLANG_ANALYZER_NONNULL = YES;
				CLANG_ANALYZER_NUMBER_OBJECT_CONVERSION = YES_AGGRESSIVE;
				CLANG_CXX_LANGUAGE_STANDARD = "gnu++17";
				CLANG_ENABLE_MODULES = YES;
				CLANG_ENABLE_OBJC_ARC = YES;
				CLANG_ENABLE_OBJC_WEAK = YES;
				CLANG_WARN_BLOCK_CAPTURE_AUTORELEASING = YES;
				CLANG_WARN_BOOL_CONVERSION = YES;
				CLANG_WARN_COMMA = YES;
				CLANG_WARN_CONSTANT_CONVERSION = YES;
				CLANG_WARN_DEPRECATED_OBJC_IMPLEMENTATIONS = YES;
				CLANG_WARN_DIRECT_OBJC_ISA_USAGE = YES_ERROR;
				CLANG_WARN_DOCUMENTATION_COMMENTS = YES;
				CLANG_WARN_EMPTY_BODY = YES;
				CLANG_WARN_ENUM_CONVERSION = YES;
				CLANG_WARN_INFINITE_RECURSION = YES;
				CLANG_WARN_INT_CONVERSION = YES;
				CLANG_WARN_NON_LITERAL_NULL_CONVERSION = YES;
				CLANG_WARN_OBJC_IMPLICIT_RETAIN_SELF = YES;
				CLANG_WARN_OBJC_LITERAL_CONVERSION = YES;
				CLANG_WARN_OBJC_ROOT_CLASS = YES_ERROR;
				CLANG_WARN_QUOTED_INCLUDE_IN_FRAMEWORK_HEADER = YES;
				CLANG_WARN_RANGE_LOOP_ANALYSIS = YES;
				CLANG_WARN_STRICT_PROTOTYPES = YES;
				CLANG_WARN_SUSPICIOUS_MOVE = YES;
				CLANG_WARN_UNGUARDED_AVAILABILITY = YES_AGGRESSIVE;
				CLANG_WARN_UNREACHABLE_CODE = YES;
				CLANG_WARN__DUPLICATE_METHOD_MATCH = YES;
				COPY_PHASE_STRIP = NO;
				DEBUG_INFORMATION_FORMAT = "dwarf-with-dsym";
				ENABLE_NS_ASSERTIONS = NO;
				ENABLE_STRICT_OBJC_MSGSEND = YES;
				GCC_C_LANGUAGE_STANDARD = gnu11;
				GCC_NO_COMMON_BLOCKS = YES;
				GCC_WARN_64_TO_32_BIT_CONVERSION = YES;
				GCC_WARN_ABOUT_RETURN_TYPE = YES_ERROR;
				GCC_WARN_UNDECLARED_SELECTOR = YES;
				GCC_WARN_UNINITIALIZED_AUTOS = YES_AGGRESSIVE;
				GCC_WARN_UNUSED_FUNCTION = YES;
				GCC_WARN_UNUSED_VARIABLE = YES;
				IPHONEOS_DEPLOYMENT_TARGET = 15.5;
				MTL_ENABLE_DEBUG_INFO = NO;
				MTL_FAST_MATH = YES;
				SDKROOT = iphoneos;
				SWIFT_COMPILATION_MODE = wholemodule;
				SWIFT_OPTIMIZATION_LEVEL = "-O";
				VALIDATE_PRODUCT = YES;
			};
			name = Release;
		};
		B7ECAA862998F6C30001B0A5 /* Debug */ = {
			isa = XCBuildConfiguration;
			buildSettings = {
				ASSETCATALOG_COMPILER_APPICON_NAME = AppIcon;
				ASSETCATALOG_COMPILER_GLOBAL_ACCENT_COLOR_NAME = AccentColor;
				CODE_SIGN_STYLE = Automatic;
				CURRENT_PROJECT_VERSION = 1;
				DEVELOPMENT_TEAM = SPTQ57U6AQ;
				GENERATE_INFOPLIST_FILE = YES;
				INFOPLIST_FILE = NetflixClone/Info.plist;
				INFOPLIST_KEY_CFBundleDisplayName = NeflixClone;
				INFOPLIST_KEY_UIApplicationSupportsIndirectInputEvents = YES;
				INFOPLIST_KEY_UILaunchStoryboardName = LaunchScreen;
				INFOPLIST_KEY_UISupportedInterfaceOrientations_iPad = "UIInterfaceOrientationPortrait UIInterfaceOrientationPortraitUpsideDown UIInterfaceOrientationLandscapeLeft UIInterfaceOrientationLandscapeRight";
				INFOPLIST_KEY_UISupportedInterfaceOrientations_iPhone = "UIInterfaceOrientationPortrait UIInterfaceOrientationLandscapeLeft UIInterfaceOrientationLandscapeRight";
				IPHONEOS_DEPLOYMENT_TARGET = 15.1;
				LD_RUNPATH_SEARCH_PATHS = (
					"$(inherited)",
					"@executable_path/Frameworks",
				);
				MARKETING_VERSION = 1.0;
				PRODUCT_BUNDLE_IDENTIFIER = com.AhmedDEV.NetflixClone;
				PRODUCT_NAME = "$(TARGET_NAME)";
				STRIP_INSTALLED_PRODUCT = NO;
				SWIFT_EMIT_LOC_STRINGS = YES;
				SWIFT_VERSION = 5.0;
				TARGETED_DEVICE_FAMILY = "1,2";
			};
			name = Debug;
		};
		B7ECAA872998F6C30001B0A5 /* Release */ = {
			isa = XCBuildConfiguration;
			buildSettings = {
				ASSETCATALOG_COMPILER_APPICON_NAME = AppIcon;
				ASSETCATALOG_COMPILER_GLOBAL_ACCENT_COLOR_NAME = AccentColor;
				CODE_SIGN_STYLE = Automatic;
				CURRENT_PROJECT_VERSION = 1;
				DEVELOPMENT_TEAM = SPTQ57U6AQ;
				GENERATE_INFOPLIST_FILE = YES;
				INFOPLIST_FILE = NetflixClone/Info.plist;
				INFOPLIST_KEY_CFBundleDisplayName = NeflixClone;
				INFOPLIST_KEY_UIApplicationSupportsIndirectInputEvents = YES;
				INFOPLIST_KEY_UILaunchStoryboardName = LaunchScreen;
				INFOPLIST_KEY_UISupportedInterfaceOrientations_iPad = "UIInterfaceOrientationPortrait UIInterfaceOrientationPortraitUpsideDown UIInterfaceOrientationLandscapeLeft UIInterfaceOrientationLandscapeRight";
				INFOPLIST_KEY_UISupportedInterfaceOrientations_iPhone = "UIInterfaceOrientationPortrait UIInterfaceOrientationLandscapeLeft UIInterfaceOrientationLandscapeRight";
				IPHONEOS_DEPLOYMENT_TARGET = 15.1;
				LD_RUNPATH_SEARCH_PATHS = (
					"$(inherited)",
					"@executable_path/Frameworks",
				);
				MARKETING_VERSION = 1.0;
				PRODUCT_BUNDLE_IDENTIFIER = com.AhmedDEV.NetflixClone;
				PRODUCT_NAME = "$(TARGET_NAME)";
				STRIP_INSTALLED_PRODUCT = NO;
				SWIFT_EMIT_LOC_STRINGS = YES;
				SWIFT_VERSION = 5.0;
				TARGETED_DEVICE_FAMILY = "1,2";
			};
			name = Release;
		};
/* End XCBuildConfiguration section */

/* Begin XCConfigurationList section */
		B7ECAA6C2998F6C10001B0A5 /* Build configuration list for PBXProject "NetflixClone" */ = {
			isa = XCConfigurationList;
			buildConfigurations = (
				B7ECAA832998F6C30001B0A5 /* Debug */,
				B7ECAA842998F6C30001B0A5 /* Release */,
			);
			defaultConfigurationIsVisible = 0;
			defaultConfigurationName = Release;
		};
		B7ECAA852998F6C30001B0A5 /* Build configuration list for PBXNativeTarget "NetflixClone" */ = {
			isa = XCConfigurationList;
			buildConfigurations = (
				B7ECAA862998F6C30001B0A5 /* Debug */,
				B7ECAA872998F6C30001B0A5 /* Release */,
			);
			defaultConfigurationIsVisible = 0;
			defaultConfigurationName = Release;
		};
/* End XCConfigurationList section */

/* Begin XCRemoteSwiftPackageReference section */
		B7ECAAA429A135AA0001B0A5 /* XCRemoteSwiftPackageReference "SDWebImage" */ = {
			isa = XCRemoteSwiftPackageReference;
			repositoryURL = "https://github.com/SDWebImage/SDWebImage.git";
			requirement = {
				kind = upToNextMajorVersion;
				minimumVersion = 5.0.0;
			};
		};
/* End XCRemoteSwiftPackageReference section */

/* Begin XCSwiftPackageProductDependency section */
		B7ECAAA529A135AA0001B0A5 /* SDWebImage */ = {
			isa = XCSwiftPackageProductDependency;
			package = B7ECAAA429A135AA0001B0A5 /* XCRemoteSwiftPackageReference "SDWebImage" */;
			productName = SDWebImage;
		};
		B7ECAAA729A135AA0001B0A5 /* SDWebImageMapKit */ = {
			isa = XCSwiftPackageProductDependency;
			package = B7ECAAA429A135AA0001B0A5 /* XCRemoteSwiftPackageReference "SDWebImage" */;
			productName = SDWebImageMapKit;
		};
/* End XCSwiftPackageProductDependency section */

/* Begin XCVersionGroup section */
		B7ECAADA29AB63750001B0A5 /* NetflixCloneModel.xcdatamodeld */ = {
			isa = XCVersionGroup;
			children = (
				B7ECAADB29AB63750001B0A5 /* NetflixCloneModel.xcdatamodel */,
			);
			currentVersion = B7ECAADB29AB63750001B0A5 /* NetflixCloneModel.xcdatamodel */;
			path = NetflixCloneModel.xcdatamodeld;
			sourceTree = "<group>";
			versionGroupType = wrapper.xcdatamodel;
		};
/* End XCVersionGroup section */
	};
	rootObject = B7ECAA692998F6C10001B0A5 /* Project object */;
}
